// !$*UTF8*$!
{
	archiveVersion = 1;
	classes = {
	};
	objectVersion = 56;
	objects = {

/* Begin PBXBuildFile section */
		1C782BFD2ACFF80B00520C4A /* AppDelegate.swift in Sources */ = {isa = PBXBuildFile; fileRef = 1C782BFC2ACFF80B00520C4A /* AppDelegate.swift */; };
		1C782BFF2ACFF80B00520C4A /* SceneDelegate.swift in Sources */ = {isa = PBXBuildFile; fileRef = 1C782BFE2ACFF80B00520C4A /* SceneDelegate.swift */; };
		1C782C012ACFF80B00520C4A /* ViewController.swift in Sources */ = {isa = PBXBuildFile; fileRef = 1C782C002ACFF80B00520C4A /* ViewController.swift */; };
		1C782C042ACFF80B00520C4A /* Main.storyboard in Resources */ = {isa = PBXBuildFile; fileRef = 1C782C022ACFF80B00520C4A /* Main.storyboard */; };
		1C782C062ACFF80E00520C4A /* Assets.xcassets in Resources */ = {isa = PBXBuildFile; fileRef = 1C782C052ACFF80E00520C4A /* Assets.xcassets */; };
		1C782C092ACFF80E00520C4A /* LaunchScreen.storyboard in Resources */ = {isa = PBXBuildFile; fileRef = 1C782C072ACFF80E00520C4A /* LaunchScreen.storyboard */; };
		1C782C152AD0E4D000520C4A /* GoogleService-Info.plist in Resources */ = {isa = PBXBuildFile; fileRef = 1C782C142AD0E4D000520C4A /* GoogleService-Info.plist */; };
		3A5D682EFEBC87F456562612 /* Pods_PracticeFirebaseUI.framework in Frameworks */ = {isa = PBXBuildFile; fileRef = DD832006D05416BC79801DF1 /* Pods_PracticeFirebaseUI.framework */; };
/* End PBXBuildFile section */

/* Begin PBXFileReference section */
		1C782BF92ACFF80B00520C4A /* PracticeFirebaseUI.app */ = {isa = PBXFileReference; explicitFileType = wrapper.application; includeInIndex = 0; path = PracticeFirebaseUI.app; sourceTree = BUILT_PRODUCTS_DIR; };
		1C782BFC2ACFF80B00520C4A /* AppDelegate.swift */ = {isa = PBXFileReference; lastKnownFileType = sourcecode.swift; path = AppDelegate.swift; sourceTree = "<group>"; };
		1C782BFE2ACFF80B00520C4A /* SceneDelegate.swift */ = {isa = PBXFileReference; lastKnownFileType = sourcecode.swift; path = SceneDelegate.swift; sourceTree = "<group>"; };
		1C782C002ACFF80B00520C4A /* ViewController.swift */ = {isa = PBXFileReference; lastKnownFileType = sourcecode.swift; path = ViewController.swift; sourceTree = "<group>"; };
		1C782C032ACFF80B00520C4A /* Base */ = {isa = PBXFileReference; lastKnownFileType = file.storyboard; name = Base; path = Base.lproj/Main.storyboard; sourceTree = "<group>"; };
		1C782C052ACFF80E00520C4A /* Assets.xcassets */ = {isa = PBXFileReference; lastKnownFileType = folder.assetcatalog; path = Assets.xcassets; sourceTree = "<group>"; };
		1C782C082ACFF80E00520C4A /* Base */ = {isa = PBXFileReference; lastKnownFileType = file.storyboard; name = Base; path = Base.lproj/LaunchScreen.storyboard; sourceTree = "<group>"; };
		1C782C0A2ACFF80E00520C4A /* Info.plist */ = {isa = PBXFileReference; lastKnownFileType = text.plist.xml; path = Info.plist; sourceTree = "<group>"; };
		1C782C142AD0E4D000520C4A /* GoogleService-Info.plist */ = {isa = PBXFileReference; fileEncoding = 4; lastKnownFileType = text.plist.xml; path = "GoogleService-Info.plist"; sourceTree = "<group>"; };
		338668D5A577063AC939F440 /* Pods-PracticeFirebaseUI.debug.xcconfig */ = {isa = PBXFileReference; includeInIndex = 1; lastKnownFileType = text.xcconfig; name = "Pods-PracticeFirebaseUI.debug.xcconfig"; path = "Target Support Files/Pods-PracticeFirebaseUI/Pods-PracticeFirebaseUI.debug.xcconfig"; sourceTree = "<group>"; };
		669FF4FD53EA90585EB9A8EA /* Pods-PracticeFirebaseUI.release.xcconfig */ = {isa = PBXFileReference; includeInIndex = 1; lastKnownFileType = text.xcconfig; name = "Pods-PracticeFirebaseUI.release.xcconfig"; path = "Target Support Files/Pods-PracticeFirebaseUI/Pods-PracticeFirebaseUI.release.xcconfig"; sourceTree = "<group>"; };
		DD832006D05416BC79801DF1 /* Pods_PracticeFirebaseUI.framework */ = {isa = PBXFileReference; explicitFileType = wrapper.framework; includeInIndex = 0; path = Pods_PracticeFirebaseUI.framework; sourceTree = BUILT_PRODUCTS_DIR; };
/* End PBXFileReference section */

/* Begin PBXFrameworksBuildPhase section */
		1C782BF62ACFF80B00520C4A /* Frameworks */ = {
			isa = PBXFrameworksBuildPhase;
			buildActionMask = 2147483647;
			files = (
				3A5D682EFEBC87F456562612 /* Pods_PracticeFirebaseUI.framework in Frameworks */,
			);
			runOnlyForDeploymentPostprocessing = 0;
		};
/* End PBXFrameworksBuildPhase section */

/* Begin PBXGroup section */
		1C782BF02ACFF80B00520C4A = {
			isa = PBXGroup;
			children = (
				1C782BFB2ACFF80B00520C4A /* PracticeFirebaseUI */,
				1C782BFA2ACFF80B00520C4A /* Products */,
				A531C18AF8E6FFF2701B367A /* Pods */,
				1F3F753C6E27639B17A4D6F4 /* Frameworks */,
			);
			sourceTree = "<group>";
		};
		1C782BFA2ACFF80B00520C4A /* Products */ = {
			isa = PBXGroup;
			children = (
				1C782BF92ACFF80B00520C4A /* PracticeFirebaseUI.app */,
			);
			name = Products;
			sourceTree = "<group>";
		};
		1C782BFB2ACFF80B00520C4A /* PracticeFirebaseUI */ = {
			isa = PBXGroup;
			children = (
				1C782BFC2ACFF80B00520C4A /* AppDelegate.swift */,
				1C782BFE2ACFF80B00520C4A /* SceneDelegate.swift */,
				1C782C002ACFF80B00520C4A /* ViewController.swift */,
				1C782C022ACFF80B00520C4A /* Main.storyboard */,
				1C782C052ACFF80E00520C4A /* Assets.xcassets */,
				1C782C072ACFF80E00520C4A /* LaunchScreen.storyboard */,
				1C782C142AD0E4D000520C4A /* GoogleService-Info.plist */,
				1C782C0A2ACFF80E00520C4A /* Info.plist */,
			);
			path = PracticeFirebaseUI;
			sourceTree = "<group>";
		};
		1F3F753C6E27639B17A4D6F4 /* Frameworks */ = {
			isa = PBXGroup;
			children = (
				DD832006D05416BC79801DF1 /* Pods_PracticeFirebaseUI.framework */,
			);
			name = Frameworks;
			sourceTree = "<group>";
		};
		A531C18AF8E6FFF2701B367A /* Pods */ = {
			isa = PBXGroup;
			children = (
				338668D5A577063AC939F440 /* Pods-PracticeFirebaseUI.debug.xcconfig */,
				669FF4FD53EA90585EB9A8EA /* Pods-PracticeFirebaseUI.release.xcconfig */,
			);
			path = Pods;
			sourceTree = "<group>";
		};
/* End PBXGroup section */

/* Begin PBXNativeTarget section */
		1C782BF82ACFF80B00520C4A /* PracticeFirebaseUI */ = {
			isa = PBXNativeTarget;
			buildConfigurationList = 1C782C0D2ACFF80E00520C4A /* Build configuration list for PBXNativeTarget "PracticeFirebaseUI" */;
			buildPhases = (
				E21841FD373ED5EC6E19A6DE /* [CP] Check Pods Manifest.lock */,
				1C782BF52ACFF80B00520C4A /* Sources */,
				1C782BF62ACFF80B00520C4A /* Frameworks */,
				1C782BF72ACFF80B00520C4A /* Resources */,
				6AE13C69B1A4AA3CC6DF6FB3 /* [CP] Embed Pods Frameworks */,
			);
			buildRules = (
			);
			dependencies = (
			);
			name = PracticeFirebaseUI;
			productName = PracticeFirebaseUI;
			productReference = 1C782BF92ACFF80B00520C4A /* PracticeFirebaseUI.app */;
			productType = "com.apple.product-type.application";
		};
/* End PBXNativeTarget section */

/* Begin PBXProject section */
		1C782BF12ACFF80B00520C4A /* Project object */ = {
			isa = PBXProject;
			attributes = {
				BuildIndependentTargetsInParallel = 1;
				LastSwiftUpdateCheck = 1500;
				LastUpgradeCheck = 1500;
				TargetAttributes = {
					1C782BF82ACFF80B00520C4A = {
						CreatedOnToolsVersion = 15.0;
					};
				};
			};
			buildConfigurationList = 1C782BF42ACFF80B00520C4A /* Build configuration list for PBXProject "PracticeFirebaseUI" */;
			compatibilityVersion = "Xcode 14.0";
			developmentRegion = en;
			hasScannedForEncodings = 0;
			knownRegions = (
				en,
				Base,
			);
			mainGroup = 1C782BF02ACFF80B00520C4A;
			productRefGroup = 1C782BFA2ACFF80B00520C4A /* Products */;
			projectDirPath = "";
			projectRoot = "";
			targets = (
				1C782BF82ACFF80B00520C4A /* PracticeFirebaseUI */,
			);
		};
/* End PBXProject section */

/* Begin PBXResourcesBuildPhase section */
		1C782BF72ACFF80B00520C4A /* Resources */ = {
			isa = PBXResourcesBuildPhase;
			buildActionMask = 2147483647;
			files = (
				1C782C092ACFF80E00520C4A /* LaunchScreen.storyboard in Resources */,
				1C782C152AD0E4D000520C4A /* GoogleService-Info.plist in Resources */,
				1C782C062ACFF80E00520C4A /* Assets.xcassets in Resources */,
				1C782C042ACFF80B00520C4A /* Main.storyboard in Resources */,
			);
			runOnlyForDeploymentPostprocessing = 0;
		};
/* End PBXResourcesBuildPhase section */

/* Begin PBXShellScriptBuildPhase section */
		6AE13C69B1A4AA3CC6DF6FB3 /* [CP] Embed Pods Frameworks */ = {
			isa = PBXShellScriptBuildPhase;
			buildActionMask = 2147483647;
			files = (
			);
			inputFileListPaths = (
				"${PODS_ROOT}/Target Support Files/Pods-PracticeFirebaseUI/Pods-PracticeFirebaseUI-frameworks-${CONFIGURATION}-input-files.xcfilelist",
			);
			name = "[CP] Embed Pods Frameworks";
			outputFileListPaths = (
				"${PODS_ROOT}/Target Support Files/Pods-PracticeFirebaseUI/Pods-PracticeFirebaseUI-frameworks-${CONFIGURATION}-output-files.xcfilelist",
			);
			runOnlyForDeploymentPostprocessing = 0;
			shellPath = /bin/sh;
			shellScript = "\"${PODS_ROOT}/Target Support Files/Pods-PracticeFirebaseUI/Pods-PracticeFirebaseUI-frameworks.sh\"\n";
			showEnvVarsInLog = 0;
		};
		E21841FD373ED5EC6E19A6DE /* [CP] Check Pods Manifest.lock */ = {
			isa = PBXShellScriptBuildPhase;
			buildActionMask = 2147483647;
			files = (
			);
			inputFileListPaths = (
			);
			inputPaths = (
				"${PODS_PODFILE_DIR_PATH}/Podfile.lock",
				"${PODS_ROOT}/Manifest.lock",
			);
			name = "[CP] Check Pods Manifest.lock";
			outputFileListPaths = (
			);
			outputPaths = (
				"$(DERIVED_FILE_DIR)/Pods-PracticeFirebaseUI-checkManifestLockResult.txt",
			);
			runOnlyForDeploymentPostprocessing = 0;
			shellPath = /bin/sh;
			shellScript = "diff \"${PODS_PODFILE_DIR_PATH}/Podfile.lock\" \"${PODS_ROOT}/Manifest.lock\" > /dev/null\nif [ $? != 0 ] ; then\n    # print error to STDERR\n    echo \"error: The sandbox is not in sync with the Podfile.lock. Run 'pod install' or update your CocoaPods installation.\" >&2\n    exit 1\nfi\n# This output is used by Xcode 'outputs' to avoid re-running this script phase.\necho \"SUCCESS\" > \"${SCRIPT_OUTPUT_FILE_0}\"\n";
			showEnvVarsInLog = 0;
		};
/* End PBXShellScriptBuildPhase section */

/* Begin PBXSourcesBuildPhase section */
		1C782BF52ACFF80B00520C4A /* Sources */ = {
			isa = PBXSourcesBuildPhase;
			buildActionMask = 2147483647;
			files = (
				1C782C012ACFF80B00520C4A /* ViewController.swift in Sources */,
				1C782BFD2ACFF80B00520C4A /* AppDelegate.swift in Sources */,
				1C782BFF2ACFF80B00520C4A /* SceneDelegate.swift in Sources */,
			);
			runOnlyForDeploymentPostprocessing = 0;
		};
/* End PBXSourcesBuildPhase section */

/* Begin PBXVariantGroup section */
		1C782C022ACFF80B00520C4A /* Main.storyboard */ = {
			isa = PBXVariantGroup;
			children = (
				1C782C032ACFF80B00520C4A /* Base */,
			);
			name = Main.storyboard;
			sourceTree = "<group>";
		};
		1C782C072ACFF80E00520C4A /* LaunchScreen.storyboard */ = {
			isa = PBXVariantGroup;
			children = (
				1C782C082ACFF80E00520C4A /* Base */,
			);
			name = LaunchScreen.storyboard;
			sourceTree = "<group>";
		};
/* End PBXVariantGroup section */

/* Begin XCBuildConfiguration section */
		1C782C0B2ACFF80E00520C4A /* Debug */ = {
			isa = XCBuildConfiguration;
			buildSettings = {
				ALWAYS_SEARCH_USER_PATHS = NO;
				ASSETCATALOG_COMPILER_GENERATE_SWIFT_ASSET_SYMBOL_EXTENSIONS = YES;
				CLANG_ANALYZER_NONNULL = YES;
				CLANG_ANALYZER_NUMBER_OBJECT_CONVERSION = YES_AGGRESSIVE;
				CLANG_CXX_LANGUAGE_STANDARD = "gnu++20";
				CLANG_ENABLE_MODULES = YES;
				CLANG_ENABLE_OBJC_ARC = YES;
				CLANG_ENABLE_OBJC_WEAK = YES;
				CLANG_WARN_BLOCK_CAPTURE_AUTORELEASING = YES;
				CLANG_WARN_BOOL_CONVERSION = YES;
				CLANG_WARN_COMMA = YES;
				CLANG_WARN_CONSTANT_CONVERSION = YES;
				CLANG_WARN_DEPRECATED_OBJC_IMPLEMENTATIONS = YES;
				CLANG_WARN_DIRECT_OBJC_ISA_USAGE = YES_ERROR;
				CLANG_WARN_DOCUMENTATION_COMMENTS = YES;
				CLANG_WARN_EMPTY_BODY = YES;
				CLANG_WARN_ENUM_CONVERSION = YES;
				CLANG_WARN_INFINITE_RECURSION = YES;
				CLANG_WARN_INT_CONVERSION = YES;
				CLANG_WARN_NON_LITERAL_NULL_CONVERSION = YES;
				CLANG_WARN_OBJC_IMPLICIT_RETAIN_SELF = YES;
				CLANG_WARN_OBJC_LITERAL_CONVERSION = YES;
				CLANG_WARN_OBJC_ROOT_CLASS = YES_ERROR;
				CLANG_WARN_QUOTED_INCLUDE_IN_FRAMEWORK_HEADER = YES;
				CLANG_WARN_RANGE_LOOP_ANALYSIS = YES;
				CLANG_WARN_STRICT_PROTOTYPES = YES;
				CLANG_WARN_SUSPICIOUS_MOVE = YES;
				CLANG_WARN_UNGUARDED_AVAILABILITY = YES_AGGRESSIVE;
				CLANG_WARN_UNREACHABLE_CODE = YES;
				CLANG_WARN__DUPLICATE_METHOD_MATCH = YES;
				COPY_PHASE_STRIP = NO;
				DEBUG_INFORMATION_FORMAT = dwarf;
				ENABLE_STRICT_OBJC_MSGSEND = YES;
				ENABLE_TESTABILITY = YES;
				ENABLE_USER_SCRIPT_SANDBOXING = YES;
				GCC_C_LANGUAGE_STANDARD = gnu17;
				GCC_DYNAMIC_NO_PIC = NO;
				GCC_NO_COMMON_BLOCKS = YES;
				GCC_OPTIMIZATION_LEVEL = 0;
				GCC_PREPROCESSOR_DEFINITIONS = (
					"DEBUG=1",
					"$(inherited)",
				);
				GCC_WARN_64_TO_32_BIT_CONVERSION = YES;
				GCC_WARN_ABOUT_RETURN_TYPE = YES_ERROR;
				GCC_WARN_UNDECLARED_SELECTOR = YES;
				GCC_WARN_UNINITIALIZED_AUTOS = YES_AGGRESSIVE;
				GCC_WARN_UNUSED_FUNCTION = YES;
				GCC_WARN_UNUSED_VARIABLE = YES;
				IPHONEOS_DEPLOYMENT_TARGET = 13.0;
				LOCALIZATION_PREFERS_STRING_CATALOGS = YES;
				MTL_ENABLE_DEBUG_INFO = INCLUDE_SOURCE;
				MTL_FAST_MATH = YES;
				ONLY_ACTIVE_ARCH = YES;
				SDKROOT = iphoneos;
				SWIFT_ACTIVE_COMPILATION_CONDITIONS = "DEBUG $(inherited)";
				SWIFT_OPTIMIZATION_LEVEL = "-Onone";
			};
			name = Debug;
		};
		1C782C0C2ACFF80E00520C4A /* Release */ = {
			isa = XCBuildConfiguration;
			buildSettings = {
				ALWAYS_SEARCH_USER_PATHS = NO;
				ASSETCATALOG_COMPILER_GENERATE_SWIFT_ASSET_SYMBOL_EXTENSIONS = YES;
				CLANG_ANALYZER_NONNULL = YES;
				CLANG_ANALYZER_NUMBER_OBJECT_CONVERSION = YES_AGGRESSIVE;
				CLANG_CXX_LANGUAGE_STANDARD = "gnu++20";
				CLANG_ENABLE_MODULES = YES;
				CLANG_ENABLE_OBJC_ARC = YES;
				CLANG_ENABLE_OBJC_WEAK = YES;
				CLANG_WARN_BLOCK_CAPTURE_AUTORELEASING = YES;
				CLANG_WARN_BOOL_CONVERSION = YES;
				CLANG_WARN_COMMA = YES;
				CLANG_WARN_CONSTANT_CONVERSION = YES;
				CLANG_WARN_DEPRECATED_OBJC_IMPLEMENTATIONS = YES;
				CLANG_WARN_DIRECT_OBJC_ISA_USAGE = YES_ERROR;
				CLANG_WARN_DOCUMENTATION_COMMENTS = YES;
				CLANG_WARN_EMPTY_BODY = YES;
				CLANG_WARN_ENUM_CONVERSION = YES;
				CLANG_WARN_INFINITE_RECURSION = YES;
				CLANG_WARN_INT_CONVERSION = YES;
				CLANG_WARN_NON_LITERAL_NULL_CONVERSION = YES;
				CLANG_WARN_OBJC_IMPLICIT_RETAIN_SELF = YES;
				CLANG_WARN_OBJC_LITERAL_CONVERSION = YES;
				CLANG_WARN_OBJC_ROOT_CLASS = YES_ERROR;
				CLANG_WARN_QUOTED_INCLUDE_IN_FRAMEWORK_HEADER = YES;
				CLANG_WARN_RANGE_LOOP_ANALYSIS = YES;
				CLANG_WARN_STRICT_PROTOTYPES = YES;
				CLANG_WARN_SUSPICIOUS_MOVE = YES;
				CLANG_WARN_UNGUARDED_AVAILABILITY = YES_AGGRESSIVE;
				CLANG_WARN_UNREACHABLE_CODE = YES;
				CLANG_WARN__DUPLICATE_METHOD_MATCH = YES;
				COPY_PHASE_STRIP = NO;
				DEBUG_INFORMATION_FORMAT = "dwarf-with-dsym";
				ENABLE_NS_ASSERTIONS = NO;
				ENABLE_STRICT_OBJC_MSGSEND = YES;
				ENABLE_USER_SCRIPT_SANDBOXING = YES;
				GCC_C_LANGUAGE_STANDARD = gnu17;
				GCC_NO_COMMON_BLOCKS = YES;
				GCC_WARN_64_TO_32_BIT_CONVERSION = YES;
				GCC_WARN_ABOUT_RETURN_TYPE = YES_ERROR;
				GCC_WARN_UNDECLARED_SELECTOR = YES;
				GCC_WARN_UNINITIALIZED_AUTOS = YES_AGGRESSIVE;
				GCC_WARN_UNUSED_FUNCTION = YES;
				GCC_WARN_UNUSED_VARIABLE = YES;
				IPHONEOS_DEPLOYMENT_TARGET = 13.0;
				LOCALIZATION_PREFERS_STRING_CATALOGS = YES;
				MTL_ENABLE_DEBUG_INFO = NO;
				MTL_FAST_MATH = YES;
				SDKROOT = iphoneos;
				SWIFT_COMPILATION_MODE = wholemodule;
				VALIDATE_PRODUCT = YES;
			};
			name = Release;
		};
		1C782C0E2ACFF80E00520C4A /* Debug */ = {
			isa = XCBuildConfiguration;
			baseConfigurationReference = 338668D5A577063AC939F440 /* Pods-PracticeFirebaseUI.debug.xcconfig */;
			buildSettings = {
				ASSETCATALOG_COMPILER_APPICON_NAME = AppIcon;
				ASSETCATALOG_COMPILER_GLOBAL_ACCENT_COLOR_NAME = AccentColor;
				CODE_SIGN_STYLE = Automatic;
				CURRENT_PROJECT_VERSION = 1;
				DEVELOPMENT_TEAM = WY23RUM8JH;
				ENABLE_USER_SCRIPT_SANDBOXING = NO;
				GENERATE_INFOPLIST_FILE = YES;
				INFOPLIST_FILE = PracticeFirebaseUI/Info.plist;
				INFOPLIST_KEY_UIApplicationSupportsIndirectInputEvents = YES;
				INFOPLIST_KEY_UILaunchStoryboardName = LaunchScreen;
				INFOPLIST_KEY_UIMainStoryboardFile = Main;
				INFOPLIST_KEY_UISupportedInterfaceOrientations_iPad = "UIInterfaceOrientationPortrait UIInterfaceOrientationPortraitUpsideDown UIInterfaceOrientationLandscapeLeft UIInterfaceOrientationLandscapeRight";
				INFOPLIST_KEY_UISupportedInterfaceOrientations_iPhone = "UIInterfaceOrientationPortrait UIInterfaceOrientationLandscapeLeft UIInterfaceOrientationLandscapeRight";
				IPHONEOS_DEPLOYMENT_TARGET = 13.0;
				LD_RUNPATH_SEARCH_PATHS = (
					"$(inherited)",
					"@executable_path/Frameworks",
				);
				MARKETING_VERSION = 1.0;
				PRODUCT_BUNDLE_IDENTIFIER = com.otoufujohnny.PracticeFirebaseUI;
				PRODUCT_NAME = "$(TARGET_NAME)";
				SWIFT_EMIT_LOC_STRINGS = YES;
				SWIFT_VERSION = 5.0;
				TARGETED_DEVICE_FAMILY = "1,2";
			};
			name = Debug;
		};
		1C782C0F2ACFF80E00520C4A /* Release */ = {
			isa = XCBuildConfiguration;
			baseConfigurationReference = 669FF4FD53EA90585EB9A8EA /* Pods-PracticeFirebaseUI.release.xcconfig */;
			buildSettings = {
				ASSETCATALOG_COMPILER_APPICON_NAME = AppIcon;
				ASSETCATALOG_COMPILER_GLOBAL_ACCENT_COLOR_NAME = AccentColor;
				CODE_SIGN_STYLE = Automatic;
				CURRENT_PROJECT_VERSION = 1;
				DEVELOPMENT_TEAM = WY23RUM8JH;
				ENABLE_USER_SCRIPT_SANDBOXING = NO;
				GENERATE_INFOPLIST_FILE = YES;
				INFOPLIST_FILE = PracticeFirebaseUI/Info.plist;
				INFOPLIST_KEY_UIApplicationSupportsIndirectInputEvents = YES;
				INFOPLIST_KEY_UILaunchStoryboardName = LaunchScreen;
				INFOPLIST_KEY_UIMainStoryboardFile = Main;
				INFOPLIST_KEY_UISupportedInterfaceOrientations_iPad = "UIInterfaceOrientationPortrait UIInterfaceOrientationPortraitUpsideDown UIInterfaceOrientationLandscapeLeft UIInterfaceOrientationLandscapeRight";
				INFOPLIST_KEY_UISupportedInterfaceOrientations_iPhone = "UIInterfaceOrientationPortrait UIInterfaceOrientationLandscapeLeft UIInterfaceOrientationLandscapeRight";
				IPHONEOS_DEPLOYMENT_TARGET = 13.0;
				LD_RUNPATH_SEARCH_PATHS = (
					"$(inherited)",
					"@executable_path/Frameworks",
				);
				MARKETING_VERSION = 1.0;
				PRODUCT_BUNDLE_IDENTIFIER = com.otoufujohnny.PracticeFirebaseUI;
				PRODUCT_NAME = "$(TARGET_NAME)";
				SWIFT_EMIT_LOC_STRINGS = YES;
				SWIFT_VERSION = 5.0;
				TARGETED_DEVICE_FAMILY = "1,2";
			};
			name = Release;
		};
/* End XCBuildConfiguration section */

/* Begin XCConfigurationList section */
		1C782BF42ACFF80B00520C4A /* Build configuration list for PBXProject "PracticeFirebaseUI" */ = {
			isa = XCConfigurationList;
			buildConfigurations = (
				1C782C0B2ACFF80E00520C4A /* Debug */,
				1C782C0C2ACFF80E00520C4A /* Release */,
			);
			defaultConfigurationIsVisible = 0;
			defaultConfigurationName = Release;
		};
		1C782C0D2ACFF80E00520C4A /* Build configuration list for PBXNativeTarget "PracticeFirebaseUI" */ = {
			isa = XCConfigurationList;
			buildConfigurations = (
				1C782C0E2ACFF80E00520C4A /* Debug */,
				1C782C0F2ACFF80E00520C4A /* Release */,
			);
			defaultConfigurationIsVisible = 0;
			defaultConfigurationName = Release;
		};
/* End XCConfigurationList section */
	};
	rootObject = 1C782BF12ACFF80B00520C4A /* Project object */;
}
